
Microsoft Visual Studio Solution File, Format Version 12.00
# Visual Studio 14
VisualStudioVersion = 14.0.25420.1
MinimumVisualStudioVersion = 10.0.40219.1
Project("{FAE04EC0-301F-11D3-BF4B-00C04F79EFBC}") = "CustomTariff.Models", "..\CustomTariff.Models\CustomTariff.Models.csproj", "{3FB0A956-6DB7-45C4-922E-D0401385CF10}"
EndProject
Project("{FAE04EC0-301F-11D3-BF4B-00C04F79EFBC}") = "CustomTariff.Api2", "..\CustomTariff.Api2\CustomTariff.Api2.csproj", "{5D2FA042-BA3A-4F7A-9EEB-543B24981038}"
EndProject
Project("{FAE04EC0-301F-11D3-BF4B-00C04F79EFBC}") = "CustomTariff.WinAppTest", "..\CustomTariff.WinAppTest\CustomTariff.WinAppTest.csproj", "{B181FB8C-3A3C-434C-9B23-25F1A5B5BBDF}"
EndProject
Project("{FAE04EC0-301F-11D3-BF4B-00C04F79EFBC}") = "CustomTariff.Controllers", "..\CustomTariff.Controllers\CustomTariff.Controllers.csproj", "{1C4743E5-F235-45C3-AA91-8F49239F09F0}"
EndProject
Global
	GlobalSection(SolutionConfigurationPlatforms) = preSolution
		Debug|Any CPU = Debug|Any CPU
		Release|Any CPU = Release|Any CPU
	EndGlobalSection
	GlobalSection(ProjectConfigurationPlatforms) = postSolution
		{3FB0A956-6DB7-45C4-922E-D0401385CF10}.Debug|Any CPU.ActiveCfg = Debug|Any CPU
		{3FB0A956-6DB7-45C4-922E-D0401385CF10}.Debug|Any CPU.Build.0 = Debug|Any CPU
		{3FB0A956-6DB7-45C4-922E-D0401385CF10}.Release|Any CPU.ActiveCfg = Release|Any CPU
		{3FB0A956-6DB7-45C4-922E-D0401385CF10}.Release|Any CPU.Build.0 = Release|Any CPU
		{5D2FA042-BA3A-4F7A-9EEB-543B24981038}.Debug|Any CPU.ActiveCfg = Debug|Any CPU
		{5D2FA042-BA3A-4F7A-9EEB-543B24981038}.Debug|Any CPU.Build.0 = Debug|Any CPU
		{5D2FA042-BA3A-4F7A-9EEB-543B24981038}.Release|Any CPU.ActiveCfg = Release|Any CPU
		{5D2FA042-BA3A-4F7A-9EEB-543B24981038}.Release|Any CPU.Build.0 = Release|Any CPU
		{B181FB8C-3A3C-434C-9B23-25F1A5B5BBDF}.Debug|Any CPU.ActiveCfg = Debug|Any CPU
		{B181FB8C-3A3C-434C-9B23-25F1A5B5BBDF}.Debug|Any CPU.Build.0 = Debug|Any CPU
		{B181FB8C-3A3C-434C-9B23-25F1A5B5BBDF}.Release|Any CPU.ActiveCfg = Release|Any CPU
		{B181FB8C-3A3C-434C-9B23-25F1A5B5BBDF}.Release|Any CPU.Build.0 = Release|Any CPU
		{1C4743E5-F235-45C3-AA91-8F49239F09F0}.Debug|Any CPU.ActiveCfg = Debug|Any CPU
		{1C4743E5-F235-45C3-AA91-8F49239F09F0}.Debug|Any CPU.Build.0 = Debug|Any CPU
		{1C4743E5-F235-45C3-AA91-8F49239F09F0}.Release|Any CPU.ActiveCfg = Release|Any CPU
		{1C4743E5-F235-45C3-AA91-8F49239F09F0}.Release|Any CPU.Build.0 = Release|Any CPU
	EndGlobalSection
	GlobalSection(SolutionProperties) = preSolution
		HideSolutionNode = FALSE
	EndGlobalSection
EndGlobal
